
Microsoft Visual Studio Solution File, Format Version 12.00
# Visual Studio Version 17
VisualStudioVersion = 17.6.33829.357
MinimumVisualStudioVersion = 10.0.40219.1
Project("{2150E333-8FDC-42A3-9474-1A3956D46DE8}") = "src", "src", "{9358853C-0C3B-4B09-BD6D-A60F1FDA5DEC}"
EndProject
Project("{2150E333-8FDC-42A3-9474-1A3956D46DE8}") = "Dashboard", "Dashboard", "{5E3E44A4-F641-4E65-814E-B944EDADAF0B}"
EndProject
Project("{2150E333-8FDC-42A3-9474-1A3956D46DE8}") = "Engine", "Engine", "{EA757A6D-0FAF-4E76-97DC-8F568D699EB0}"
EndProject
Project("{2150E333-8FDC-42A3-9474-1A3956D46DE8}") = "Application", "Application", "{48F76776-3C61-4D3E-A3F4-C52B361A376D}"
EndProject
Project("{2150E333-8FDC-42A3-9474-1A3956D46DE8}") = "Clients", "Clients", "{C2FCBA13-9FFD-4ABB-A8AC-A35F8EA4DABD}"
EndProject
Project("{2150E333-8FDC-42A3-9474-1A3956D46DE8}") = "Contracts", "Contracts", "{8EF06911-1C4A-46BD-9E86-2C4DEA2DBD62}"
EndProject
Project("{2150E333-8FDC-42A3-9474-1A3956D46DE8}") = "Domain", "Domain", "{7736224C-408D-4BF9-A4B2-897ED8FD4723}"
EndProject
Project("{2150E333-8FDC-42A3-9474-1A3956D46DE8}") = "Hosts", "Hosts", "{47265246-B9E5-4273-802E-4CA537CC26D8}"
EndProject
Project("{2150E333-8FDC-42A3-9474-1A3956D46DE8}") = "Infrastructure", "Infrastructure", "{35B8CDD0-738E-4732-8A8A-E1B4B53ADA10}"
EndProject
Project("{9A19103F-16F7-4668-BE54-9A1E7A4F7556}") = "Dashboard.Application.AppServices", "src\Dashboard\Application\Dashboard.Application.AppServices\Dashboard.Application.AppServices.csproj", "{EB8E069A-D314-4D5E-87E6-B601CB3733E9}"
	ProjectSection(ProjectDependencies) = postProject
		{38CD590C-6B59-4FEC-A5A7-C0D52F804371} = {38CD590C-6B59-4FEC-A5A7-C0D52F804371}
		{F7142825-1B4C-4DAB-A178-38A476E4EB6F} = {F7142825-1B4C-4DAB-A178-38A476E4EB6F}
	EndProjectSection
EndProject
Project("{9A19103F-16F7-4668-BE54-9A1E7A4F7556}") = "Dashboard.Domain", "src\Dashboard\Domain\Dashboard.Domain\Dashboard.Domain.csproj", "{DFF1B2CE-1589-4FF8-940F-A4B19CE7C190}"
EndProject
Project("{9A19103F-16F7-4668-BE54-9A1E7A4F7556}") = "Dashboard.Hosts.Api", "src\Dashboard\Hosts\Dashboard.Hosts.Api\Dashboard.Hosts.Api.csproj", "{6F838E03-A092-48C8-9ECD-B5894DF544C0}"
EndProject
Project("{2150E333-8FDC-42A3-9474-1A3956D46DE8}") = "EngineApp", "EngineApp", "{D9299467-1B81-48D0-8E21-BBAF4349E7CF}"
EndProject
Project("{9A19103F-16F7-4668-BE54-9A1E7A4F7556}") = "Engine.EngineApp.GenCodeApp", "src\Engine\EngineApp\Engine.EngineApp.GenCodeApp\Engine.EngineApp.GenCodeApp.csproj", "{70FEB6F5-1166-41A9-9206-9CC612559D82}"
EndProject
Project("{2150E333-8FDC-42A3-9474-1A3956D46DE8}") = "Application", "Application", "{A80288D3-F24E-418A-97EB-3BDA17075A31}"
EndProject
Project("{2150E333-8FDC-42A3-9474-1A3956D46DE8}") = "Clients", "Clients", "{4C23B26E-8B98-4179-9366-E489F753E256}"
EndProject
Project("{2150E333-8FDC-42A3-9474-1A3956D46DE8}") = "Contracts", "Contracts", "{8847402D-13E7-48B0-9396-2D9A3C354D39}"
EndProject
Project("{2150E333-8FDC-42A3-9474-1A3956D46DE8}") = "Domain", "Domain", "{FB3E71C4-E77C-44EA-AF7A-F4E54536A89A}"
EndProject
Project("{2150E333-8FDC-42A3-9474-1A3956D46DE8}") = "Hosts", "Hosts", "{4A4B5544-DB73-4E44-9178-548C39C5FF87}"
EndProject
Project("{2150E333-8FDC-42A3-9474-1A3956D46DE8}") = "Infrastructure", "Infrastructure", "{0AB32CBD-3466-48F0-A3DC-06111FC13A0A}"
EndProject
Project("{9A19103F-16F7-4668-BE54-9A1E7A4F7556}") = "Engine.Domain", "src\Engine\Domain\Engine.Domain\Engine.Domain.csproj", "{F7142825-1B4C-4DAB-A178-38A476E4EB6F}"
EndProject
Project("{9A19103F-16F7-4668-BE54-9A1E7A4F7556}") = "Dashboard.Contracts", "src\Dashboard\Contracts\Dashboard.Contracts\Dashboard.Contracts.csproj", "{DE71A813-7C5B-43F9-AB85-8950D681DD50}"
EndProject
Project("{9A19103F-16F7-4668-BE54-9A1E7A4F7556}") = "Engine.Contracts", "src\Engine\Contracts\Engine.Contracts\Engine.Contracts.csproj", "{38CD590C-6B59-4FEC-A5A7-C0D52F804371}"
EndProject
Project("{2150E333-8FDC-42A3-9474-1A3956D46DE8}") = "ModelProperties", "ModelProperties", "{9F55E041-2E7B-46C9-9638-F5526C17096C}"
EndProject
Project("{9A19103F-16F7-4668-BE54-9A1E7A4F7556}") = "Engine.ModelProperties", "src\Engine\ModelProperties\Engine.ModelProperties\Engine.ModelProperties.csproj", "{14FC8070-99C6-4FF1-BFFF-E61A886614D7}"
EndProject
Project("{9A19103F-16F7-4668-BE54-9A1E7A4F7556}") = "Dashboard.Clients", "src\Dashboard\Clients\Dashboard.Clients\Dashboard.Clients.csproj", "{8434B5DD-FB96-4E3A-A64C-1CF6342E7744}"
EndProject
Project("{9A19103F-16F7-4668-BE54-9A1E7A4F7556}") = "Dashboard.Infrastructure", "src\Dashboard\Infrastructure\Dashboard.Infrastructure\Dashboard.Infrastructure.csproj", "{46ADF335-92C7-4110-A84A-C857A88E24EC}"
EndProject
Project("{9A19103F-16F7-4668-BE54-9A1E7A4F7556}") = "Dashboard.Infrastructure.DataAccess", "src\Dashboard\Infrastructure\Dashboard.Infrastructure.DataAccess\Dashboard.Infrastructure.DataAccess.csproj", "{A6E8550B-F822-440C-977E-D6D9602A54AD}"
EndProject
Project("{9A19103F-16F7-4668-BE54-9A1E7A4F7556}") = "Dashboard.Infrastructure.Registrar", "src\Dashboard\Infrastructure\Dashboard.Infrastructure.Registrar\Dashboard.Infrastructure.Registrar.csproj", "{4ED83BA6-616A-45E1-84EB-DFDB3D156DCE}"
EndProject
Project("{9A19103F-16F7-4668-BE54-9A1E7A4F7556}") = "Dashboard.Hosts.DbMigrator", "src\Dashboard\Hosts\Dashboard.Hosts.DbMigrator\Dashboard.Hosts.DbMigrator.csproj", "{4E56D299-9851-41BB-A464-D81E2430A2F9}"
EndProject
Project("{2150E333-8FDC-42A3-9474-1A3956D46DE8}") = "Configurator", "Configurator", "{873B6561-775A-4226-B3F3-8E57B0F48A7F}"
EndProject
Project("{2150E333-8FDC-42A3-9474-1A3956D46DE8}") = "EngineFramework", "EngineFramework", "{92A8F1B4-A869-47F2-B8C5-AE57D6B14C06}"
EndProject
Project("{2150E333-8FDC-42A3-9474-1A3956D46DE8}") = "TemplateApp", "TemplateApp", "{9F35663D-16FB-4D05-A7D6-1622FE424C0D}"
EndProject
Project("{2150E333-8FDC-42A3-9474-1A3956D46DE8}") = "ML", "ML", "{7A1AA48C-052F-4010-B974-8DD516456C3E}"
EndProject
Project("{2150E333-8FDC-42A3-9474-1A3956D46DE8}") = "Visual", "Visual", "{5FDB5E10-6F1A-4629-94D3-F55F0CCAC3A6}"
EndProject
Project("{2150E333-8FDC-42A3-9474-1A3956D46DE8}") = "Projects", "Projects", "{2C8BD54D-0D67-4FF7-BD9E-4E7D80306593}"
EndProject
Project("{2150E333-8FDC-42A3-9474-1A3956D46DE8}") = "WebApp", "WebApp", "{7096A91E-1ED9-4FBD-8429-118E5BCB3CC3}"
EndProject
Project("{2150E333-8FDC-42A3-9474-1A3956D46DE8}") = "Base", "Base", "{961050B9-772C-49BC-AEC4-0FBBAEB3FB22}"
EndProject
Project("{2150E333-8FDC-42A3-9474-1A3956D46DE8}") = "Dashboard", "Dashboard", "{F4D30650-3DB2-47FF-9224-03677193E630}"
EndProject
Project("{2150E333-8FDC-42A3-9474-1A3956D46DE8}") = "Brithday", "Brithday", "{5601BBD3-B0F2-4906-8725-5766C9B09F45}"
EndProject
Project("{2150E333-8FDC-42A3-9474-1A3956D46DE8}") = "SocialNetwork", "SocialNetwork", "{C1014E6D-5D68-4220-A67B-C41D17D1216E}"
EndProject
Project("{2150E333-8FDC-42A3-9474-1A3956D46DE8}") = "TrainingJunior", "TrainingJunior", "{A61F9E40-B7BA-4623-8782-1A6BC042BF7D}"
EndProject
Project("{2150E333-8FDC-42A3-9474-1A3956D46DE8}") = "Video", "Video", "{AA96CBB5-EDD0-4257-A759-8BD3244B8AE7}"
EndProject
Project("{2150E333-8FDC-42A3-9474-1A3956D46DE8}") = "Tutorial", "Tutorial", "{5806332E-AF88-4E41-AF05-01C4ED8F3C79}"
EndProject
Project("{2150E333-8FDC-42A3-9474-1A3956D46DE8}") = "MigrationApp", "MigrationApp", "{9FF7C4E6-46A1-4B97-847D-F86B5F001937}"
EndProject
Project("{2150E333-8FDC-42A3-9474-1A3956D46DE8}") = "EngineApp", "EngineApp", "{AB75B88C-BA5C-4363-8FFD-76CB34840FB9}"
EndProject
Project("{2150E333-8FDC-42A3-9474-1A3956D46DE8}") = "Dashboard", "Dashboard", "{10793FE6-3253-4A0E-9300-F440975E8F11}"
EndProject
Project("{2150E333-8FDC-42A3-9474-1A3956D46DE8}") = "Brithday", "Brithday", "{2617AE8D-5E19-4D3E-AE5F-BED5991E4A4F}"
EndProject
Project("{2150E333-8FDC-42A3-9474-1A3956D46DE8}") = "SocialNetwork", "SocialNetwork", "{63D3B6C2-1D32-4DF5-908A-676735DEA017}"
EndProject
Project("{2150E333-8FDC-42A3-9474-1A3956D46DE8}") = "ConfiguratorApp", "ConfiguratorApp", "{A874C3AA-BA36-4243-B439-453FCB675E0E}"
EndProject
Project("{2150E333-8FDC-42A3-9474-1A3956D46DE8}") = "ConfiguratorCreateApp", "ConfiguratorCreateApp", "{560342FB-9268-40F5-83E4-C4E3A6390A5F}"
EndProject
Project("{2150E333-8FDC-42A3-9474-1A3956D46DE8}") = "Brithday", "Brithday", "{23BF30FA-50D1-4963-859E-53DDE8EC10BD}"
EndProject
Project("{2150E333-8FDC-42A3-9474-1A3956D46DE8}") = "Dashboard", "Dashboard", "{23410BEF-90E7-4E82-AFD4-BD4BCB44975F}"
EndProject
Project("{2150E333-8FDC-42A3-9474-1A3956D46DE8}") = "SocialNetwork", "SocialNetwork", "{A8BAD4D1-71C8-4F62-BB08-10A97E53E628}"
EndProject
Project("{2150E333-8FDC-42A3-9474-1A3956D46DE8}") = "IfElse", "IfElse", "{BD6F0A0D-179F-4B55-8226-728B6CEEE863}"
EndProject
Project("{2150E333-8FDC-42A3-9474-1A3956D46DE8}") = "WikiMedia", "WikiMedia", "{979A3AB8-8CF2-442F-AD5B-593F97DCF296}"
EndProject
Project("{2150E333-8FDC-42A3-9474-1A3956D46DE8}") = "ExpertSystem", "ExpertSystem", "{33D92495-5902-45CC-AF7C-4F9981C437D5}"
EndProject
Project("{2150E333-8FDC-42A3-9474-1A3956D46DE8}") = "NeuroGen", "NeuroGen", "{60339D1E-2AA0-470D-AD3C-8D7294010447}"
EndProject
Project("{2150E333-8FDC-42A3-9474-1A3956D46DE8}") = "FileArhive", "FileArhive", "{D1DFD96F-12A7-4DB5-AC97-980F96BC7D06}"
EndProject
Project("{2150E333-8FDC-42A3-9474-1A3956D46DE8}") = "branch01", "branch01", "{EE8BF97E-3476-40FB-BB74-FAA6CA58A75F}"
EndProject
Project("{2150E333-8FDC-42A3-9474-1A3956D46DE8}") = "Analytics", "Analytics", "{6D6AA025-613E-4866-80D6-FD77197EA014}"
EndProject
Project("{2150E333-8FDC-42A3-9474-1A3956D46DE8}") = "EngineAnalytics", "EngineAnalytics", "{9DD01444-E66E-47DB-87F4-ACAE3F811EBF}"
EndProject
Project("{2150E333-8FDC-42A3-9474-1A3956D46DE8}") = "Analytics", "Analytics", "{9D4A124B-A0EB-486A-978B-E55B4A39EB89}"
EndProject
Project("{2150E333-8FDC-42A3-9474-1A3956D46DE8}") = "Brithday", "Brithday", "{4844FA3D-6B3C-49DE-A1B5-579640D5112A}"
EndProject
Project("{2150E333-8FDC-42A3-9474-1A3956D46DE8}") = "Dashboard", "Dashboard", "{DD56698D-776D-4E87-B7CE-45FC12F9C8D4}"
EndProject
Project("{2150E333-8FDC-42A3-9474-1A3956D46DE8}") = "SocialNetwork", "SocialNetwork", "{1B987A0A-CDE6-4CA7-A526-A82E66D6F33D}"
EndProject
Project("{2150E333-8FDC-42A3-9474-1A3956D46DE8}") = "Unity3dAppTemplate", "Unity3dAppTemplate", "{F3B03F6B-3572-4AA0-9C0A-99029E879D70}"
EndProject
Project("{2150E333-8FDC-42A3-9474-1A3956D46DE8}") = "ProjectsChild", "ProjectsChild", "{4ABFB205-7681-4CEC-9536-9F8D0F55BCE7}"
EndProject
Project("{9A19103F-16F7-4668-BE54-9A1E7A4F7556}") = "Engine.Application.AppServices", "src\Engine\Application\Engine.Application.AppServices\Engine.Application.AppServices.csproj", "{27815A42-91E8-4D1E-92A1-E21B42E1AB2B}"
EndProject
Project("{9A19103F-16F7-4668-BE54-9A1E7A4F7556}") = "Engine.Infrastructure.DataAccess", "src\Engine\Infrastructure\Engine.Infrastructure.DataAccess\Engine.Infrastructure.DataAccess.csproj", "{520C6F49-7A50-452D-B9CB-1C220396E19D}"
EndProject
Global
	GlobalSection(SolutionConfigurationPlatforms) = preSolution
		Debug|Any CPU = Debug|Any CPU
		Release|Any CPU = Release|Any CPU
	EndGlobalSection
	GlobalSection(ProjectConfigurationPlatforms) = postSolution
		{EB8E069A-D314-4D5E-87E6-B601CB3733E9}.Debug|Any CPU.ActiveCfg = Debug|Any CPU
		{EB8E069A-D314-4D5E-87E6-B601CB3733E9}.Debug|Any CPU.Build.0 = Debug|Any CPU
		{EB8E069A-D314-4D5E-87E6-B601CB3733E9}.Release|Any CPU.ActiveCfg = Release|Any CPU
		{EB8E069A-D314-4D5E-87E6-B601CB3733E9}.Release|Any CPU.Build.0 = Release|Any CPU
		{DFF1B2CE-1589-4FF8-940F-A4B19CE7C190}.Debug|Any CPU.ActiveCfg = Debug|Any CPU
		{DFF1B2CE-1589-4FF8-940F-A4B19CE7C190}.Debug|Any CPU.Build.0 = Debug|Any CPU
		{DFF1B2CE-1589-4FF8-940F-A4B19CE7C190}.Release|Any CPU.ActiveCfg = Release|Any CPU
		{DFF1B2CE-1589-4FF8-940F-A4B19CE7C190}.Release|Any CPU.Build.0 = Release|Any CPU
		{6F838E03-A092-48C8-9ECD-B5894DF544C0}.Debug|Any CPU.ActiveCfg = Debug|Any CPU
		{6F838E03-A092-48C8-9ECD-B5894DF544C0}.Debug|Any CPU.Build.0 = Debug|Any CPU
		{6F838E03-A092-48C8-9ECD-B5894DF544C0}.Release|Any CPU.ActiveCfg = Release|Any CPU
		{6F838E03-A092-48C8-9ECD-B5894DF544C0}.Release|Any CPU.Build.0 = Release|Any CPU
		{70FEB6F5-1166-41A9-9206-9CC612559D82}.Debug|Any CPU.ActiveCfg = Debug|Any CPU
		{70FEB6F5-1166-41A9-9206-9CC612559D82}.Debug|Any CPU.Build.0 = Debug|Any CPU
		{70FEB6F5-1166-41A9-9206-9CC612559D82}.Release|Any CPU.ActiveCfg = Release|Any CPU
		{70FEB6F5-1166-41A9-9206-9CC612559D82}.Release|Any CPU.Build.0 = Release|Any CPU
		{F7142825-1B4C-4DAB-A178-38A476E4EB6F}.Debug|Any CPU.ActiveCfg = Debug|Any CPU
		{F7142825-1B4C-4DAB-A178-38A476E4EB6F}.Debug|Any CPU.Build.0 = Debug|Any CPU
		{F7142825-1B4C-4DAB-A178-38A476E4EB6F}.Release|Any CPU.ActiveCfg = Release|Any CPU
		{F7142825-1B4C-4DAB-A178-38A476E4EB6F}.Release|Any CPU.Build.0 = Release|Any CPU
		{DE71A813-7C5B-43F9-AB85-8950D681DD50}.Debug|Any CPU.ActiveCfg = Debug|Any CPU
		{DE71A813-7C5B-43F9-AB85-8950D681DD50}.Debug|Any CPU.Build.0 = Debug|Any CPU
		{DE71A813-7C5B-43F9-AB85-8950D681DD50}.Release|Any CPU.ActiveCfg = Release|Any CPU
		{DE71A813-7C5B-43F9-AB85-8950D681DD50}.Release|Any CPU.Build.0 = Release|Any CPU
		{38CD590C-6B59-4FEC-A5A7-C0D52F804371}.Debug|Any CPU.ActiveCfg = Debug|Any CPU
		{38CD590C-6B59-4FEC-A5A7-C0D52F804371}.Debug|Any CPU.Build.0 = Debug|Any CPU
		{38CD590C-6B59-4FEC-A5A7-C0D52F804371}.Release|Any CPU.ActiveCfg = Release|Any CPU
		{38CD590C-6B59-4FEC-A5A7-C0D52F804371}.Release|Any CPU.Build.0 = Release|Any CPU
		{14FC8070-99C6-4FF1-BFFF-E61A886614D7}.Debug|Any CPU.ActiveCfg = Debug|Any CPU
		{14FC8070-99C6-4FF1-BFFF-E61A886614D7}.Debug|Any CPU.Build.0 = Debug|Any CPU
		{14FC8070-99C6-4FF1-BFFF-E61A886614D7}.Release|Any CPU.ActiveCfg = Release|Any CPU
		{14FC8070-99C6-4FF1-BFFF-E61A886614D7}.Release|Any CPU.Build.0 = Release|Any CPU
		{8434B5DD-FB96-4E3A-A64C-1CF6342E7744}.Debug|Any CPU.ActiveCfg = Debug|Any CPU
		{8434B5DD-FB96-4E3A-A64C-1CF6342E7744}.Debug|Any CPU.Build.0 = Debug|Any CPU
		{8434B5DD-FB96-4E3A-A64C-1CF6342E7744}.Release|Any CPU.ActiveCfg = Release|Any CPU
		{8434B5DD-FB96-4E3A-A64C-1CF6342E7744}.Release|Any CPU.Build.0 = Release|Any CPU
		{46ADF335-92C7-4110-A84A-C857A88E24EC}.Debug|Any CPU.ActiveCfg = Debug|Any CPU
		{46ADF335-92C7-4110-A84A-C857A88E24EC}.Debug|Any CPU.Build.0 = Debug|Any CPU
		{46ADF335-92C7-4110-A84A-C857A88E24EC}.Release|Any CPU.ActiveCfg = Release|Any CPU
		{46ADF335-92C7-4110-A84A-C857A88E24EC}.Release|Any CPU.Build.0 = Release|Any CPU
		{A6E8550B-F822-440C-977E-D6D9602A54AD}.Debug|Any CPU.ActiveCfg = Debug|Any CPU
		{A6E8550B-F822-440C-977E-D6D9602A54AD}.Debug|Any CPU.Build.0 = Debug|Any CPU
		{A6E8550B-F822-440C-977E-D6D9602A54AD}.Release|Any CPU.ActiveCfg = Release|Any CPU
		{A6E8550B-F822-440C-977E-D6D9602A54AD}.Release|Any CPU.Build.0 = Release|Any CPU
		{4ED83BA6-616A-45E1-84EB-DFDB3D156DCE}.Debug|Any CPU.ActiveCfg = Debug|Any CPU
		{4ED83BA6-616A-45E1-84EB-DFDB3D156DCE}.Debug|Any CPU.Build.0 = Debug|Any CPU
		{4ED83BA6-616A-45E1-84EB-DFDB3D156DCE}.Release|Any CPU.ActiveCfg = Release|Any CPU
		{4ED83BA6-616A-45E1-84EB-DFDB3D156DCE}.Release|Any CPU.Build.0 = Release|Any CPU
		{4E56D299-9851-41BB-A464-D81E2430A2F9}.Debug|Any CPU.ActiveCfg = Debug|Any CPU
		{4E56D299-9851-41BB-A464-D81E2430A2F9}.Debug|Any CPU.Build.0 = Debug|Any CPU
		{4E56D299-9851-41BB-A464-D81E2430A2F9}.Release|Any CPU.ActiveCfg = Release|Any CPU
		{4E56D299-9851-41BB-A464-D81E2430A2F9}.Release|Any CPU.Build.0 = Release|Any CPU
		{27815A42-91E8-4D1E-92A1-E21B42E1AB2B}.Debug|Any CPU.ActiveCfg = Debug|Any CPU
		{27815A42-91E8-4D1E-92A1-E21B42E1AB2B}.Debug|Any CPU.Build.0 = Debug|Any CPU
		{27815A42-91E8-4D1E-92A1-E21B42E1AB2B}.Release|Any CPU.ActiveCfg = Release|Any CPU
		{27815A42-91E8-4D1E-92A1-E21B42E1AB2B}.Release|Any CPU.Build.0 = Release|Any CPU
		{520C6F49-7A50-452D-B9CB-1C220396E19D}.Debug|Any CPU.ActiveCfg = Debug|Any CPU
		{520C6F49-7A50-452D-B9CB-1C220396E19D}.Debug|Any CPU.Build.0 = Debug|Any CPU
		{520C6F49-7A50-452D-B9CB-1C220396E19D}.Release|Any CPU.ActiveCfg = Release|Any CPU
		{520C6F49-7A50-452D-B9CB-1C220396E19D}.Release|Any CPU.Build.0 = Release|Any CPU
	EndGlobalSection
	GlobalSection(SolutionProperties) = preSolution
		HideSolutionNode = FALSE
	EndGlobalSection
	GlobalSection(NestedProjects) = preSolution
		{5E3E44A4-F641-4E65-814E-B944EDADAF0B} = {9358853C-0C3B-4B09-BD6D-A60F1FDA5DEC}
		{EA757A6D-0FAF-4E76-97DC-8F568D699EB0} = {9358853C-0C3B-4B09-BD6D-A60F1FDA5DEC}
		{48F76776-3C61-4D3E-A3F4-C52B361A376D} = {5E3E44A4-F641-4E65-814E-B944EDADAF0B}
		{C2FCBA13-9FFD-4ABB-A8AC-A35F8EA4DABD} = {5E3E44A4-F641-4E65-814E-B944EDADAF0B}
		{8EF06911-1C4A-46BD-9E86-2C4DEA2DBD62} = {5E3E44A4-F641-4E65-814E-B944EDADAF0B}
		{7736224C-408D-4BF9-A4B2-897ED8FD4723} = {5E3E44A4-F641-4E65-814E-B944EDADAF0B}
		{47265246-B9E5-4273-802E-4CA537CC26D8} = {5E3E44A4-F641-4E65-814E-B944EDADAF0B}
		{35B8CDD0-738E-4732-8A8A-E1B4B53ADA10} = {5E3E44A4-F641-4E65-814E-B944EDADAF0B}
		{EB8E069A-D314-4D5E-87E6-B601CB3733E9} = {48F76776-3C61-4D3E-A3F4-C52B361A376D}
		{DFF1B2CE-1589-4FF8-940F-A4B19CE7C190} = {7736224C-408D-4BF9-A4B2-897ED8FD4723}
		{6F838E03-A092-48C8-9ECD-B5894DF544C0} = {47265246-B9E5-4273-802E-4CA537CC26D8}
		{D9299467-1B81-48D0-8E21-BBAF4349E7CF} = {EA757A6D-0FAF-4E76-97DC-8F568D699EB0}
		{70FEB6F5-1166-41A9-9206-9CC612559D82} = {D9299467-1B81-48D0-8E21-BBAF4349E7CF}
		{A80288D3-F24E-418A-97EB-3BDA17075A31} = {EA757A6D-0FAF-4E76-97DC-8F568D699EB0}
		{4C23B26E-8B98-4179-9366-E489F753E256} = {EA757A6D-0FAF-4E76-97DC-8F568D699EB0}
		{8847402D-13E7-48B0-9396-2D9A3C354D39} = {EA757A6D-0FAF-4E76-97DC-8F568D699EB0}
		{FB3E71C4-E77C-44EA-AF7A-F4E54536A89A} = {EA757A6D-0FAF-4E76-97DC-8F568D699EB0}
		{4A4B5544-DB73-4E44-9178-548C39C5FF87} = {EA757A6D-0FAF-4E76-97DC-8F568D699EB0}
		{0AB32CBD-3466-48F0-A3DC-06111FC13A0A} = {EA757A6D-0FAF-4E76-97DC-8F568D699EB0}
		{F7142825-1B4C-4DAB-A178-38A476E4EB6F} = {FB3E71C4-E77C-44EA-AF7A-F4E54536A89A}
		{DE71A813-7C5B-43F9-AB85-8950D681DD50} = {8EF06911-1C4A-46BD-9E86-2C4DEA2DBD62}
		{38CD590C-6B59-4FEC-A5A7-C0D52F804371} = {8847402D-13E7-48B0-9396-2D9A3C354D39}
		{9F55E041-2E7B-46C9-9638-F5526C17096C} = {EA757A6D-0FAF-4E76-97DC-8F568D699EB0}
		{14FC8070-99C6-4FF1-BFFF-E61A886614D7} = {9F55E041-2E7B-46C9-9638-F5526C17096C}
		{8434B5DD-FB96-4E3A-A64C-1CF6342E7744} = {C2FCBA13-9FFD-4ABB-A8AC-A35F8EA4DABD}
		{46ADF335-92C7-4110-A84A-C857A88E24EC} = {35B8CDD0-738E-4732-8A8A-E1B4B53ADA10}
		{A6E8550B-F822-440C-977E-D6D9602A54AD} = {35B8CDD0-738E-4732-8A8A-E1B4B53ADA10}
		{4ED83BA6-616A-45E1-84EB-DFDB3D156DCE} = {35B8CDD0-738E-4732-8A8A-E1B4B53ADA10}
		{4E56D299-9851-41BB-A464-D81E2430A2F9} = {47265246-B9E5-4273-802E-4CA537CC26D8}
		{873B6561-775A-4226-B3F3-8E57B0F48A7F} = {9358853C-0C3B-4B09-BD6D-A60F1FDA5DEC}
		{92A8F1B4-A869-47F2-B8C5-AE57D6B14C06} = {9358853C-0C3B-4B09-BD6D-A60F1FDA5DEC}
		{9F35663D-16FB-4D05-A7D6-1622FE424C0D} = {9358853C-0C3B-4B09-BD6D-A60F1FDA5DEC}
		{7A1AA48C-052F-4010-B974-8DD516456C3E} = {9358853C-0C3B-4B09-BD6D-A60F1FDA5DEC}
		{5FDB5E10-6F1A-4629-94D3-F55F0CCAC3A6} = {9358853C-0C3B-4B09-BD6D-A60F1FDA5DEC}
		{2C8BD54D-0D67-4FF7-BD9E-4E7D80306593} = {9358853C-0C3B-4B09-BD6D-A60F1FDA5DEC}
		{7096A91E-1ED9-4FBD-8429-118E5BCB3CC3} = {9F35663D-16FB-4D05-A7D6-1622FE424C0D}
		{961050B9-772C-49BC-AEC4-0FBBAEB3FB22} = {92A8F1B4-A869-47F2-B8C5-AE57D6B14C06}
		{F4D30650-3DB2-47FF-9224-03677193E630} = {2C8BD54D-0D67-4FF7-BD9E-4E7D80306593}
		{5601BBD3-B0F2-4906-8725-5766C9B09F45} = {2C8BD54D-0D67-4FF7-BD9E-4E7D80306593}
		{C1014E6D-5D68-4220-A67B-C41D17D1216E} = {2C8BD54D-0D67-4FF7-BD9E-4E7D80306593}
		{A61F9E40-B7BA-4623-8782-1A6BC042BF7D} = {5FDB5E10-6F1A-4629-94D3-F55F0CCAC3A6}
		{AA96CBB5-EDD0-4257-A759-8BD3244B8AE7} = {5FDB5E10-6F1A-4629-94D3-F55F0CCAC3A6}
		{5806332E-AF88-4E41-AF05-01C4ED8F3C79} = {5FDB5E10-6F1A-4629-94D3-F55F0CCAC3A6}
		{9FF7C4E6-46A1-4B97-847D-F86B5F001937} = {9F35663D-16FB-4D05-A7D6-1622FE424C0D}
		{AB75B88C-BA5C-4363-8FFD-76CB34840FB9} = {9F35663D-16FB-4D05-A7D6-1622FE424C0D}
		{10793FE6-3253-4A0E-9300-F440975E8F11} = {873B6561-775A-4226-B3F3-8E57B0F48A7F}
		{2617AE8D-5E19-4D3E-AE5F-BED5991E4A4F} = {873B6561-775A-4226-B3F3-8E57B0F48A7F}
		{63D3B6C2-1D32-4DF5-908A-676735DEA017} = {873B6561-775A-4226-B3F3-8E57B0F48A7F}
		{A874C3AA-BA36-4243-B439-453FCB675E0E} = {9F35663D-16FB-4D05-A7D6-1622FE424C0D}
		{560342FB-9268-40F5-83E4-C4E3A6390A5F} = {9358853C-0C3B-4B09-BD6D-A60F1FDA5DEC}
		{23BF30FA-50D1-4963-859E-53DDE8EC10BD} = {560342FB-9268-40F5-83E4-C4E3A6390A5F}
		{23410BEF-90E7-4E82-AFD4-BD4BCB44975F} = {560342FB-9268-40F5-83E4-C4E3A6390A5F}
		{A8BAD4D1-71C8-4F62-BB08-10A97E53E628} = {560342FB-9268-40F5-83E4-C4E3A6390A5F}
		{BD6F0A0D-179F-4B55-8226-728B6CEEE863} = {7A1AA48C-052F-4010-B974-8DD516456C3E}
		{979A3AB8-8CF2-442F-AD5B-593F97DCF296} = {7A1AA48C-052F-4010-B974-8DD516456C3E}
		{33D92495-5902-45CC-AF7C-4F9981C437D5} = {7A1AA48C-052F-4010-B974-8DD516456C3E}
		{60339D1E-2AA0-470D-AD3C-8D7294010447} = {7A1AA48C-052F-4010-B974-8DD516456C3E}
		{D1DFD96F-12A7-4DB5-AC97-980F96BC7D06} = {9358853C-0C3B-4B09-BD6D-A60F1FDA5DEC}
		{EE8BF97E-3476-40FB-BB74-FAA6CA58A75F} = {F4D30650-3DB2-47FF-9224-03677193E630}
		{6D6AA025-613E-4866-80D6-FD77197EA014} = {7A1AA48C-052F-4010-B974-8DD516456C3E}
		{9DD01444-E66E-47DB-87F4-ACAE3F811EBF} = {9358853C-0C3B-4B09-BD6D-A60F1FDA5DEC}
		{9D4A124B-A0EB-486A-978B-E55B4A39EB89} = {9358853C-0C3B-4B09-BD6D-A60F1FDA5DEC}
		{4844FA3D-6B3C-49DE-A1B5-579640D5112A} = {9D4A124B-A0EB-486A-978B-E55B4A39EB89}
		{DD56698D-776D-4E87-B7CE-45FC12F9C8D4} = {9D4A124B-A0EB-486A-978B-E55B4A39EB89}
		{1B987A0A-CDE6-4CA7-A526-A82E66D6F33D} = {9D4A124B-A0EB-486A-978B-E55B4A39EB89}
		{F3B03F6B-3572-4AA0-9C0A-99029E879D70} = {9F35663D-16FB-4D05-A7D6-1622FE424C0D}
		{4ABFB205-7681-4CEC-9536-9F8D0F55BCE7} = {9358853C-0C3B-4B09-BD6D-A60F1FDA5DEC}
		{27815A42-91E8-4D1E-92A1-E21B42E1AB2B} = {A80288D3-F24E-418A-97EB-3BDA17075A31}
		{520C6F49-7A50-452D-B9CB-1C220396E19D} = {0AB32CBD-3466-48F0-A3DC-06111FC13A0A}
	EndGlobalSection
	GlobalSection(ExtensibilityGlobals) = postSolution
		SolutionGuid = {BBAE4B1C-529B-4C9B-B0EA-099C69E63653}
	EndGlobalSection
EndGlobal
